
Microsoft Visual Studio Solution File, Format Version 12.00
# Visual Studio 15
VisualStudioVersion = 15.0.28307.705
MinimumVisualStudioVersion = 10.0.40219.1
Project("{FAE04EC0-301F-11D3-BF4B-00C04F79EFBC}") = "MyProject", "MyProject\MyProject.csproj", "{AFC6DE97-26E3-4007-B14A-88E9BF79A00D}"
EndProject
Project("{FAE04EC0-301F-11D3-BF4B-00C04F79EFBC}") = "MyProject.Tests", "MyProject.Tests\MyProject.Tests.csproj", "{E000BED5-9584-45FD-A01A-1742AAE64DBF}"
EndProject
Project("{FAE04EC0-301F-11D3-BF4B-00C04F79EFBC}") = "App1.Android", "App1\App1.Android\App1.Android.csproj", "{34C5D4A3-F22D-440A-B161-34631C9541D6}"
EndProject
Project("{D954291E-2A0B-460D-934E-DC6B0785DB48}") = "App1", "App1\App1\App1.shproj", "{DCF1A3BB-01A5-418C-A07D-C2AF55E7FD12}"
EndProject
Global
	GlobalSection(SharedMSBuildProjectFiles) = preSolution
		App1\App1\App1.projitems*{34c5d4a3-f22d-440a-b161-34631c9541d6}*SharedItemsImports = 4
		App1\App1\App1.projitems*{dcf1a3bb-01a5-418c-a07d-c2af55e7fd12}*SharedItemsImports = 13
	EndGlobalSection
	GlobalSection(SolutionConfigurationPlatforms) = preSolution
		Debug|Any CPU = Debug|Any CPU
		Debug|ARM = Debug|ARM
		Debug|x64 = Debug|x64
		Debug|x86 = Debug|x86
		Release|Any CPU = Release|Any CPU
		Release|ARM = Release|ARM
		Release|x64 = Release|x64
		Release|x86 = Release|x86
	EndGlobalSection
	GlobalSection(ProjectConfigurationPlatforms) = postSolution
		{AFC6DE97-26E3-4007-B14A-88E9BF79A00D}.Debug|Any CPU.ActiveCfg = Debug|Any CPU
		{AFC6DE97-26E3-4007-B14A-88E9BF79A00D}.Debug|Any CPU.Build.0 = Debug|Any CPU
		{AFC6DE97-26E3-4007-B14A-88E9BF79A00D}.Debug|ARM.ActiveCfg = Debug|Any CPU
		{AFC6DE97-26E3-4007-B14A-88E9BF79A00D}.Debug|ARM.Build.0 = Debug|Any CPU
		{AFC6DE97-26E3-4007-B14A-88E9BF79A00D}.Debug|x64.ActiveCfg = Debug|Any CPU
		{AFC6DE97-26E3-4007-B14A-88E9BF79A00D}.Debug|x64.Build.0 = Debug|Any CPU
		{AFC6DE97-26E3-4007-B14A-88E9BF79A00D}.Debug|x86.ActiveCfg = Debug|Any CPU
		{AFC6DE97-26E3-4007-B14A-88E9BF79A00D}.Debug|x86.Build.0 = Debug|Any CPU
		{AFC6DE97-26E3-4007-B14A-88E9BF79A00D}.Release|Any CPU.ActiveCfg = Release|Any CPU
		{AFC6DE97-26E3-4007-B14A-88E9BF79A00D}.Release|Any CPU.Build.0 = Release|Any CPU
		{AFC6DE97-26E3-4007-B14A-88E9BF79A00D}.Release|ARM.ActiveCfg = Release|Any CPU
		{AFC6DE97-26E3-4007-B14A-88E9BF79A00D}.Release|ARM.Build.0 = Release|Any CPU
		{AFC6DE97-26E3-4007-B14A-88E9BF79A00D}.Release|x64.ActiveCfg = Release|Any CPU
		{AFC6DE97-26E3-4007-B14A-88E9BF79A00D}.Release|x64.Build.0 = Release|Any CPU
		{AFC6DE97-26E3-4007-B14A-88E9BF79A00D}.Release|x86.ActiveCfg = Release|Any CPU
		{AFC6DE97-26E3-4007-B14A-88E9BF79A00D}.Release|x86.Build.0 = Release|Any CPU
		{E000BED5-9584-45FD-A01A-1742AAE64DBF}.Debug|Any CPU.ActiveCfg = Debug|Any CPU
		{E000BED5-9584-45FD-A01A-1742AAE64DBF}.Debug|Any CPU.Build.0 = Debug|Any CPU
		{E000BED5-9584-45FD-A01A-1742AAE64DBF}.Debug|ARM.ActiveCfg = Debug|Any CPU
		{E000BED5-9584-45FD-A01A-1742AAE64DBF}.Debug|ARM.Build.0 = Debug|Any CPU
		{E000BED5-9584-45FD-A01A-1742AAE64DBF}.Debug|x64.ActiveCfg = Debug|Any CPU
		{E000BED5-9584-45FD-A01A-1742AAE64DBF}.Debug|x64.Build.0 = Debug|Any CPU
		{E000BED5-9584-45FD-A01A-1742AAE64DBF}.Debug|x86.ActiveCfg = Debug|Any CPU
		{E000BED5-9584-45FD-A01A-1742AAE64DBF}.Debug|x86.Build.0 = Debug|Any CPU
		{E000BED5-9584-45FD-A01A-1742AAE64DBF}.Release|Any CPU.ActiveCfg = Release|Any CPU
		{E000BED5-9584-45FD-A01A-1742AAE64DBF}.Release|Any CPU.Build.0 = Release|Any CPU
		{E000BED5-9584-45FD-A01A-1742AAE64DBF}.Release|ARM.ActiveCfg = Release|Any CPU
		{E000BED5-9584-45FD-A01A-1742AAE64DBF}.Release|ARM.Build.0 = Release|Any CPU
		{E000BED5-9584-45FD-A01A-1742AAE64DBF}.Release|x64.ActiveCfg = Release|Any CPU
		{E000BED5-9584-45FD-A01A-1742AAE64DBF}.Release|x64.Build.0 = Release|Any CPU
		{E000BED5-9584-45FD-A01A-1742AAE64DBF}.Release|x86.ActiveCfg = Release|Any CPU
		{E000BED5-9584-45FD-A01A-1742AAE64DBF}.Release|x86.Build.0 = Release|Any CPU
		{34C5D4A3-F22D-440A-B161-34631C9541D6}.Debug|Any CPU.ActiveCfg = Debug|Any CPU
		{34C5D4A3-F22D-440A-B161-34631C9541D6}.Debug|Any CPU.Build.0 = Debug|Any CPU
		{34C5D4A3-F22D-440A-B161-34631C9541D6}.Debug|Any CPU.Deploy.0 = Debug|Any CPU
		{34C5D4A3-F22D-440A-B161-34631C9541D6}.Debug|ARM.ActiveCfg = Debug|Any CPU
		{34C5D4A3-F22D-440A-B161-34631C9541D6}.Debug|ARM.Build.0 = Debug|Any CPU
		{34C5D4A3-F22D-440A-B161-34631C9541D6}.Debug|ARM.Deploy.0 = Debug|Any CPU
		{34C5D4A3-F22D-440A-B161-34631C9541D6}.Debug|x64.ActiveCfg = Debug|Any CPU
		{34C5D4A3-F22D-440A-B161-34631C9541D6}.Debug|x64.Build.0 = Debug|Any CPU
		{34C5D4A3-F22D-440A-B161-34631C9541D6}.Debug|x64.Deploy.0 = Debug|Any CPU
		{34C5D4A3-F22D-440A-B161-34631C9541D6}.Debug|x86.ActiveCfg = Debug|Any CPU
		{34C5D4A3-F22D-440A-B161-34631C9541D6}.Debug|x86.Build.0 = Debug|Any CPU
		{34C5D4A3-F22D-440A-B161-34631C9541D6}.Debug|x86.Deploy.0 = Debug|Any CPU
		{34C5D4A3-F22D-440A-B161-34631C9541D6}.Release|Any CPU.ActiveCfg = Release|Any CPU
		{34C5D4A3-F22D-440A-B161-34631C9541D6}.Release|Any CPU.Build.0 = Release|Any CPU
		{34C5D4A3-F22D-440A-B161-34631C9541D6}.Release|Any CPU.Deploy.0 = Release|Any CPU
		{34C5D4A3-F22D-440A-B161-34631C9541D6}.Release|ARM.ActiveCfg = Release|Any CPU
		{34C5D4A3-F22D-440A-B161-34631C9541D6}.Release|ARM.Build.0 = Release|Any CPU
		{34C5D4A3-F22D-440A-B161-34631C9541D6}.Release|ARM.Deploy.0 = Release|Any CPU
		{34C5D4A3-F22D-440A-B161-34631C9541D6}.Release|x64.ActiveCfg = Release|Any CPU
		{34C5D4A3-F22D-440A-B161-34631C9541D6}.Release|x64.Build.0 = Release|Any CPU
		{34C5D4A3-F22D-440A-B161-34631C9541D6}.Release|x64.Deploy.0 = Release|Any CPU
		{34C5D4A3-F22D-440A-B161-34631C9541D6}.Release|x86.ActiveCfg = Release|Any CPU
		{34C5D4A3-F22D-440A-B161-34631C9541D6}.Release|x86.Build.0 = Release|Any CPU
		{34C5D4A3-F22D-440A-B161-34631C9541D6}.Release|x86.Deploy.0 = Release|Any CPU
	EndGlobalSection
	GlobalSection(SolutionProperties) = preSolution
		HideSolutionNode = FALSE
	EndGlobalSection
	GlobalSection(ExtensibilityGlobals) = postSolution
		SolutionGuid = {D80B587F-6131-49D3-B5EF-9DF15E90B726}
	EndGlobalSection
EndGlobal
